
Microsoft Visual Studio Solution File, Format Version 12.00
# Visual Studio 15
VisualStudioVersion = 15.0.28010.2003
MinimumVisualStudioVersion = 10.0.40219.1
Project("{FAE04EC0-301F-11D3-BF4B-00C04F79EFBC}") = "PS3 XMB Editor", "PS3 XMB Editor\PS3 XMB Editor.csproj", "{FAB2647C-260A-43C9-ACBE-E0F332FDF442}"
EndProject
Global
	GlobalSection(SolutionConfigurationPlatforms) = preSolution
		Debug|Any CPU = Debug|Any CPU
		Release|Any CPU = Release|Any CPU
	EndGlobalSection
	GlobalSection(ProjectConfigurationPlatforms) = postSolution
		{FAB2647C-260A-43C9-ACBE-E0F332FDF442}.Debug|Any CPU.ActiveCfg = Debug|Any CPU
		{FAB2647C-260A-43C9-ACBE-E0F332FDF442}.Debug|Any CPU.Build.0 = Debug|Any CPU
		{FAB2647C-260A-43C9-ACBE-E0F332FDF442}.Release|Any CPU.ActiveCfg = Release|Any CPU
		{FAB2647C-260A-43C9-ACBE-E0F332FDF442}.Release|Any CPU.Build.0 = Release|Any CPU
	EndGlobalSection
	GlobalSection(SolutionProperties) = preSolution
		HideSolutionNode = FALSE
	EndGlobalSection
	GlobalSection(ExtensibilityGlobals) = postSolution
		SolutionGuid = {28017B0C-5EEA-4201-BABB-62AC1747A1D7}
	EndGlobalSection
EndGlobal
